// !$*UTF8*$!
{
	archiveVersion = 1;
	classes = {
	};
	objectVersion = 45;
	objects = {

/* Begin PBXBuildFile section */
		1244DDD6139EA1150047A9CA /* FBConnect.bundle in Resources */ = {isa = PBXBuildFile; fileRef = 1244DDD5139EA1150047A9CA /* FBConnect.bundle */; };
		1244DDD9139EA1210047A9CA /* FBLoginButton.m in Sources */ = {isa = PBXBuildFile; fileRef = 1244DDD8139EA1210047A9CA /* FBLoginButton.m */; };
		1244DDE4139EA13C0047A9CA /* Facebook.m in Sources */ = {isa = PBXBuildFile; fileRef = 1244DDDB139EA13C0047A9CA /* Facebook.m */; };
		1244DDE5139EA13C0047A9CA /* FBDialog.bundle in Resources */ = {isa = PBXBuildFile; fileRef = 1244DDDD139EA13C0047A9CA /* FBDialog.bundle */; };
		1244DDE6139EA13C0047A9CA /* FBDialog.m in Sources */ = {isa = PBXBuildFile; fileRef = 1244DDDF139EA13C0047A9CA /* FBDialog.m */; };
		1244DDE7139EA13C0047A9CA /* FBLoginDialog.m in Sources */ = {isa = PBXBuildFile; fileRef = 1244DDE1139EA13C0047A9CA /* FBLoginDialog.m */; };
		1244DDE8139EA13C0047A9CA /* FBRequest.m in Sources */ = {isa = PBXBuildFile; fileRef = 1244DDE3139EA13C0047A9CA /* FBRequest.m */; };
		1244DE0A139EA19F0047A9CA /* NSObject+SBJSON.m in Sources */ = {isa = PBXBuildFile; fileRef = 1244DDFF139EA19F0047A9CA /* NSObject+SBJSON.m */; };
		1244DE0B139EA19F0047A9CA /* NSString+SBJSON.m in Sources */ = {isa = PBXBuildFile; fileRef = 1244DE01139EA19F0047A9CA /* NSString+SBJSON.m */; };
		1244DE0C139EA19F0047A9CA /* SBJSON.m in Sources */ = {isa = PBXBuildFile; fileRef = 1244DE03139EA19F0047A9CA /* SBJSON.m */; };
		1244DE0D139EA19F0047A9CA /* SBJsonBase.m in Sources */ = {isa = PBXBuildFile; fileRef = 1244DE05139EA19F0047A9CA /* SBJsonBase.m */; };
		1244DE0E139EA19F0047A9CA /* SBJsonParser.m in Sources */ = {isa = PBXBuildFile; fileRef = 1244DE07139EA19F0047A9CA /* SBJsonParser.m */; };
		1244DE0F139EA19F0047A9CA /* SBJsonWriter.m in Sources */ = {isa = PBXBuildFile; fileRef = 1244DE09139EA19F0047A9CA /* SBJsonWriter.m */; };
		1D60589B0D05DD56006BFB54 /* main.m in Sources */ = {isa = PBXBuildFile; fileRef = 29B97316FDCFA39411CA2CEA /* main.m */; };
		1D60589F0D05DD5A006BFB54 /* Foundation.framework in Frameworks */ = {isa = PBXBuildFile; fileRef = 1D30AB110D05D00D00671497 /* Foundation.framework */; };
		1DF5F4E00D08C38300B7A737 /* UIKit.framework in Frameworks */ = {isa = PBXBuildFile; fileRef = 1DF5F4DF0D08C38300B7A737 /* UIKit.framework */; };
		288765FD0DF74451002DB57D /* CoreGraphics.framework in Frameworks */ = {isa = PBXBuildFile; fileRef = 288765FC0DF74451002DB57D /* CoreGraphics.framework */; };
		E1758699131B4DBD0099968E /* DialogViewController.m in Sources */ = {isa = PBXBuildFile; fileRef = E1758698131B4DBD0099968E /* DialogViewController.m */; };
		E1AEBA161311FE2600E1790D /* AppDelegate.m in Sources */ = {isa = PBXBuildFile; fileRef = E1AEBA081311FE2600E1790D /* AppDelegate.m */; };
		E1AEBA171311FE2600E1790D /* FacebookViewController.m in Sources */ = {isa = PBXBuildFile; fileRef = E1AEBA0A1311FE2600E1790D /* FacebookViewController.m */; };
		E1AEBA181311FE2600E1790D /* FriendsViewController.m in Sources */ = {isa = PBXBuildFile; fileRef = E1AEBA0C1311FE2600E1790D /* FriendsViewController.m */; };
		E1AEBA191311FE2600E1790D /* FriendTableViewCell.m in Sources */ = {isa = PBXBuildFile; fileRef = E1AEBA0E1311FE2600E1790D /* FriendTableViewCell.m */; };
		E1AEBA1A1311FE2600E1790D /* LoginViewController.m in Sources */ = {isa = PBXBuildFile; fileRef = E1AEBA101311FE2600E1790D /* LoginViewController.m */; };
		E1AEBA1D1311FE2600E1790D /* MainViewController.m in Sources */ = {isa = PBXBuildFile; fileRef = E1AEBA151311FE2600E1790D /* MainViewController.m */; };
/* End PBXBuildFile section */

/* Begin PBXFileReference section */
		1244DDD5139EA1150047A9CA /* FBConnect.bundle */ = {isa = PBXFileReference; lastKnownFileType = "wrapper.plug-in"; name = FBConnect.bundle; path = "../../facebook-ios-sdk/sample/FBConnect.bundle"; sourceTree = "<group>"; };
		1244DDD7139EA1210047A9CA /* FBLoginButton.h */ = {isa = PBXFileReference; fileEncoding = 4; lastKnownFileType = sourcecode.c.h; name = FBLoginButton.h; path = "../../facebook-ios-sdk/sample/DemoApp/Classes/FBLoginButton.h"; sourceTree = "<group>"; };
		1244DDD8139EA1210047A9CA /* FBLoginButton.m */ = {isa = PBXFileReference; fileEncoding = 4; lastKnownFileType = sourcecode.c.objc; name = FBLoginButton.m; path = "../../facebook-ios-sdk/sample/DemoApp/Classes/FBLoginButton.m"; sourceTree = "<group>"; };
		1244DDDA139EA13C0047A9CA /* Facebook.h */ = {isa = PBXFileReference; fileEncoding = 4; lastKnownFileType = sourcecode.c.h; name = Facebook.h; path = "../../facebook-ios-sdk/src/Facebook.h"; sourceTree = "<group>"; };
		1244DDDB139EA13C0047A9CA /* Facebook.m */ = {isa = PBXFileReference; fileEncoding = 4; lastKnownFileType = sourcecode.c.objc; name = Facebook.m; path = "../../facebook-ios-sdk/src/Facebook.m"; sourceTree = "<group>"; };
		1244DDDC139EA13C0047A9CA /* FBConnect.h */ = {isa = PBXFileReference; fileEncoding = 4; lastKnownFileType = sourcecode.c.h; name = FBConnect.h; path = "../../facebook-ios-sdk/src/FBConnect.h"; sourceTree = "<group>"; };
		1244DDDD139EA13C0047A9CA /* FBDialog.bundle */ = {isa = PBXFileReference; lastKnownFileType = "wrapper.plug-in"; name = FBDialog.bundle; path = "../../facebook-ios-sdk/src/FBDialog.bundle"; sourceTree = "<group>"; };
		1244DDDE139EA13C0047A9CA /* FBDialog.h */ = {isa = PBXFileReference; fileEncoding = 4; lastKnownFileType = sourcecode.c.h; name = FBDialog.h; path = "../../facebook-ios-sdk/src/FBDialog.h"; sourceTree = "<group>"; };
		1244DDDF139EA13C0047A9CA /* FBDialog.m */ = {isa = PBXFileReference; fileEncoding = 4; lastKnownFileType = sourcecode.c.objc; name = FBDialog.m; path = "../../facebook-ios-sdk/src/FBDialog.m"; sourceTree = "<group>"; };
		1244DDE0139EA13C0047A9CA /* FBLoginDialog.h */ = {isa = PBXFileReference; fileEncoding = 4; lastKnownFileType = sourcecode.c.h; name = FBLoginDialog.h; path = "../../facebook-ios-sdk/src/FBLoginDialog.h"; sourceTree = "<group>"; };
		1244DDE1139EA13C0047A9CA /* FBLoginDialog.m */ = {isa = PBXFileReference; fileEncoding = 4; lastKnownFileType = sourcecode.c.objc; name = FBLoginDialog.m; path = "../../facebook-ios-sdk/src/FBLoginDialog.m"; sourceTree = "<group>"; };
		1244DDE2139EA13C0047A9CA /* FBRequest.h */ = {isa = PBXFileReference; fileEncoding = 4; lastKnownFileType = sourcecode.c.h; name = FBRequest.h; path = "../../facebook-ios-sdk/src/FBRequest.h"; sourceTree = "<group>"; };
		1244DDE3139EA13C0047A9CA /* FBRequest.m */ = {isa = PBXFileReference; fileEncoding = 4; lastKnownFileType = sourcecode.c.objc; name = FBRequest.m; path = "../../facebook-ios-sdk/src/FBRequest.m"; sourceTree = "<group>"; };
		1244DDFD139EA19F0047A9CA /* JSON.h */ = {isa = PBXFileReference; fileEncoding = 4; lastKnownFileType = sourcecode.c.h; path = JSON.h; sourceTree = "<group>"; };
		1244DDFE139EA19F0047A9CA /* NSObject+SBJSON.h */ = {isa = PBXFileReference; fileEncoding = 4; lastKnownFileType = sourcecode.c.h; path = "NSObject+SBJSON.h"; sourceTree = "<group>"; };
		1244DDFF139EA19F0047A9CA /* NSObject+SBJSON.m */ = {isa = PBXFileReference; fileEncoding = 4; lastKnownFileType = sourcecode.c.objc; path = "NSObject+SBJSON.m"; sourceTree = "<group>"; };
		1244DE00139EA19F0047A9CA /* NSString+SBJSON.h */ = {isa = PBXFileReference; fileEncoding = 4; lastKnownFileType = sourcecode.c.h; path = "NSString+SBJSON.h"; sourceTree = "<group>"; };
		1244DE01139EA19F0047A9CA /* NSString+SBJSON.m */ = {isa = PBXFileReference; fileEncoding = 4; lastKnownFileType = sourcecode.c.objc; path = "NSString+SBJSON.m"; sourceTree = "<group>"; };
		1244DE02139EA19F0047A9CA /* SBJSON.h */ = {isa = PBXFileReference; fileEncoding = 4; lastKnownFileType = sourcecode.c.h; path = SBJSON.h; sourceTree = "<group>"; };
		1244DE03139EA19F0047A9CA /* SBJSON.m */ = {isa = PBXFileReference; fileEncoding = 4; lastKnownFileType = sourcecode.c.objc; path = SBJSON.m; sourceTree = "<group>"; };
		1244DE04139EA19F0047A9CA /* SBJsonBase.h */ = {isa = PBXFileReference; fileEncoding = 4; lastKnownFileType = sourcecode.c.h; path = SBJsonBase.h; sourceTree = "<group>"; };
		1244DE05139EA19F0047A9CA /* SBJsonBase.m */ = {isa = PBXFileReference; fileEncoding = 4; lastKnownFileType = sourcecode.c.objc; path = SBJsonBase.m; sourceTree = "<group>"; };
		1244DE06139EA19F0047A9CA /* SBJsonParser.h */ = {isa = PBXFileReference; fileEncoding = 4; lastKnownFileType = sourcecode.c.h; path = SBJsonParser.h; sourceTree = "<group>"; };
		1244DE07139EA19F0047A9CA /* SBJsonParser.m */ = {isa = PBXFileReference; fileEncoding = 4; lastKnownFileType = sourcecode.c.objc; path = SBJsonParser.m; sourceTree = "<group>"; };
		1244DE08139EA19F0047A9CA /* SBJsonWriter.h */ = {isa = PBXFileReference; fileEncoding = 4; lastKnownFileType = sourcecode.c.h; path = SBJsonWriter.h; sourceTree = "<group>"; };
		1244DE09139EA19F0047A9CA /* SBJsonWriter.m */ = {isa = PBXFileReference; fileEncoding = 4; lastKnownFileType = sourcecode.c.objc; path = SBJsonWriter.m; sourceTree = "<group>"; };
		1D30AB110D05D00D00671497 /* Foundation.framework */ = {isa = PBXFileReference; lastKnownFileType = wrapper.framework; name = Foundation.framework; path = System/Library/Frameworks/Foundation.framework; sourceTree = SDKROOT; };
		1D6058910D05DD3D006BFB54 /* ApiFacebook.app */ = {isa = PBXFileReference; explicitFileType = wrapper.application; includeInIndex = 0; path = ApiFacebook.app; sourceTree = BUILT_PRODUCTS_DIR; };
		1DF5F4DF0D08C38300B7A737 /* UIKit.framework */ = {isa = PBXFileReference; lastKnownFileType = wrapper.framework; name = UIKit.framework; path = System/Library/Frameworks/UIKit.framework; sourceTree = SDKROOT; };
		288765FC0DF74451002DB57D /* CoreGraphics.framework */ = {isa = PBXFileReference; lastKnownFileType = wrapper.framework; name = CoreGraphics.framework; path = System/Library/Frameworks/CoreGraphics.framework; sourceTree = SDKROOT; };
		29B97316FDCFA39411CA2CEA /* main.m */ = {isa = PBXFileReference; fileEncoding = 4; lastKnownFileType = sourcecode.c.objc; path = main.m; sourceTree = "<group>"; };
		32CA4F630368D1EE00C91783 /* ApiFacebook_Prefix.pch */ = {isa = PBXFileReference; fileEncoding = 4; lastKnownFileType = sourcecode.c.h; path = ApiFacebook_Prefix.pch; sourceTree = "<group>"; };
		8D1107310486CEB800E47090 /* ApiFacebook-Info.plist */ = {isa = PBXFileReference; fileEncoding = 4; lastKnownFileType = text.plist.xml; path = "ApiFacebook-Info.plist"; plistStructureDefinitionIdentifier = "com.apple.xcode.plist.structure-definition.iphone.info-plist"; sourceTree = "<group>"; };
		E1758697131B4DBD0099968E /* DialogViewController.h */ = {isa = PBXFileReference; fileEncoding = 4; lastKnownFileType = sourcecode.c.h; path = DialogViewController.h; sourceTree = "<group>"; };
		E1758698131B4DBD0099968E /* DialogViewController.m */ = {isa = PBXFileReference; fileEncoding = 4; lastKnownFileType = sourcecode.c.objc; path = DialogViewController.m; sourceTree = "<group>"; };
		E1AEBA071311FE2600E1790D /* AppDelegate.h */ = {isa = PBXFileReference; fileEncoding = 4; lastKnownFileType = sourcecode.c.h; path = AppDelegate.h; sourceTree = "<group>"; };
		E1AEBA081311FE2600E1790D /* AppDelegate.m */ = {isa = PBXFileReference; fileEncoding = 4; lastKnownFileType = sourcecode.c.objc; path = AppDelegate.m; sourceTree = "<group>"; };
		E1AEBA091311FE2600E1790D /* FacebookViewController.h */ = {isa = PBXFileReference; fileEncoding = 4; lastKnownFileType = sourcecode.c.h; path = FacebookViewController.h; sourceTree = "<group>"; };
		E1AEBA0A1311FE2600E1790D /* FacebookViewController.m */ = {isa = PBXFileReference; fileEncoding = 4; lastKnownFileType = sourcecode.c.objc; path = FacebookViewController.m; sourceTree = "<group>"; };
		E1AEBA0B1311FE2600E1790D /* FriendsViewController.h */ = {isa = PBXFileReference; fileEncoding = 4; lastKnownFileType = sourcecode.c.h; path = FriendsViewController.h; sourceTree = "<group>"; };
		E1AEBA0C1311FE2600E1790D /* FriendsViewController.m */ = {isa = PBXFileReference; fileEncoding = 4; lastKnownFileType = sourcecode.c.objc; path = FriendsViewController.m; sourceTree = "<group>"; };
		E1AEBA0D1311FE2600E1790D /* FriendTableViewCell.h */ = {isa = PBXFileReference; fileEncoding = 4; lastKnownFileType = sourcecode.c.h; path = FriendTableViewCell.h; sourceTree = "<group>"; };
		E1AEBA0E1311FE2600E1790D /* FriendTableViewCell.m */ = {isa = PBXFileReference; fileEncoding = 4; lastKnownFileType = sourcecode.c.objc; path = FriendTableViewCell.m; sourceTree = "<group>"; };
		E1AEBA0F1311FE2600E1790D /* LoginViewController.h */ = {isa = PBXFileReference; fileEncoding = 4; lastKnownFileType = sourcecode.c.h; path = LoginViewController.h; sourceTree = "<group>"; };
		E1AEBA101311FE2600E1790D /* LoginViewController.m */ = {isa = PBXFileReference; fileEncoding = 4; lastKnownFileType = sourcecode.c.objc; path = LoginViewController.m; sourceTree = "<group>"; };
		E1AEBA141311FE2600E1790D /* MainViewController.h */ = {isa = PBXFileReference; fileEncoding = 4; lastKnownFileType = sourcecode.c.h; path = MainViewController.h; sourceTree = "<group>"; };
		E1AEBA151311FE2600E1790D /* MainViewController.m */ = {isa = PBXFileReference; fileEncoding = 4; lastKnownFileType = sourcecode.c.objc; path = MainViewController.m; sourceTree = "<group>"; };
/* End PBXFileReference section */

/* Begin PBXFrameworksBuildPhase section */
		1D60588F0D05DD3D006BFB54 /* Frameworks */ = {
			isa = PBXFrameworksBuildPhase;
			buildActionMask = 2147483647;
			files = (
				1D60589F0D05DD5A006BFB54 /* Foundation.framework in Frameworks */,
				1DF5F4E00D08C38300B7A737 /* UIKit.framework in Frameworks */,
				288765FD0DF74451002DB57D /* CoreGraphics.framework in Frameworks */,
			);
			runOnlyForDeploymentPostprocessing = 0;
		};
/* End PBXFrameworksBuildPhase section */

/* Begin PBXGroup section */
		080E96DDFE201D6D7F000001 /* Classes */ = {
			isa = PBXGroup;
			children = (
				E1AEBA071311FE2600E1790D /* AppDelegate.h */,
				E1AEBA081311FE2600E1790D /* AppDelegate.m */,
				E1AEBA091311FE2600E1790D /* FacebookViewController.h */,
				E1AEBA0A1311FE2600E1790D /* FacebookViewController.m */,
				E1AEBA0B1311FE2600E1790D /* FriendsViewController.h */,
				E1AEBA0C1311FE2600E1790D /* FriendsViewController.m */,
				E1AEBA0D1311FE2600E1790D /* FriendTableViewCell.h */,
				E1AEBA0E1311FE2600E1790D /* FriendTableViewCell.m */,
				E1AEBA0F1311FE2600E1790D /* LoginViewController.h */,
				E1AEBA101311FE2600E1790D /* LoginViewController.m */,
				E1AEBA141311FE2600E1790D /* MainViewController.h */,
				E1AEBA151311FE2600E1790D /* MainViewController.m */,
				E1758697131B4DBD0099968E /* DialogViewController.h */,
				E1758698131B4DBD0099968E /* DialogViewController.m */,
			);
			path = Classes;
			sourceTree = "<group>";
		};
		1244DDFC139EA19F0047A9CA /* JSON */ = {
			isa = PBXGroup;
			children = (
				1244DDFD139EA19F0047A9CA /* JSON.h */,
				1244DDFE139EA19F0047A9CA /* NSObject+SBJSON.h */,
				1244DDFF139EA19F0047A9CA /* NSObject+SBJSON.m */,
				1244DE00139EA19F0047A9CA /* NSString+SBJSON.h */,
				1244DE01139EA19F0047A9CA /* NSString+SBJSON.m */,
				1244DE02139EA19F0047A9CA /* SBJSON.h */,
				1244DE03139EA19F0047A9CA /* SBJSON.m */,
				1244DE04139EA19F0047A9CA /* SBJsonBase.h */,
				1244DE05139EA19F0047A9CA /* SBJsonBase.m */,
				1244DE06139EA19F0047A9CA /* SBJsonParser.h */,
				1244DE07139EA19F0047A9CA /* SBJsonParser.m */,
				1244DE08139EA19F0047A9CA /* SBJsonWriter.h */,
				1244DE09139EA19F0047A9CA /* SBJsonWriter.m */,
			);
			name = JSON;
			path = "../../facebook-ios-sdk/src/JSON";
			sourceTree = "<group>";
		};
		19C28FACFE9D520D11CA2CBB /* Products */ = {
			isa = PBXGroup;
			children = (
				1D6058910D05DD3D006BFB54 /* ApiFacebook.app */,
			);
			name = Products;
			sourceTree = "<group>";
		};
		29B97314FDCFA39411CA2CEA /* CustomTemplate */ = {
			isa = PBXGroup;
			children = (
				E1AEBAA81311FF0A00E1790D /* FBLogin */,
				E1AEBA521311FEE300E1790D /* FBConnect */,
				080E96DDFE201D6D7F000001 /* Classes */,
				29B97315FDCFA39411CA2CEA /* Other Sources */,
				29B97317FDCFA39411CA2CEA /* Resources */,
				29B97323FDCFA39411CA2CEA /* Frameworks */,
				19C28FACFE9D520D11CA2CBB /* Products */,
			);
			name = CustomTemplate;
			sourceTree = "<group>";
		};
		29B97315FDCFA39411CA2CEA /* Other Sources */ = {
			isa = PBXGroup;
			children = (
				32CA4F630368D1EE00C91783 /* ApiFacebook_Prefix.pch */,
				29B97316FDCFA39411CA2CEA /* main.m */,
			);
			name = "Other Sources";
			sourceTree = "<group>";
		};
		29B97317FDCFA39411CA2CEA /* Resources */ = {
			isa = PBXGroup;
			children = (
				8D1107310486CEB800E47090 /* ApiFacebook-Info.plist */,
			);
			name = Resources;
			sourceTree = "<group>";
		};
		29B97323FDCFA39411CA2CEA /* Frameworks */ = {
			isa = PBXGroup;
			children = (
				1DF5F4DF0D08C38300B7A737 /* UIKit.framework */,
				1D30AB110D05D00D00671497 /* Foundation.framework */,
				288765FC0DF74451002DB57D /* CoreGraphics.framework */,
			);
			name = Frameworks;
			sourceTree = "<group>";
		};
		E1AEBA521311FEE300E1790D /* FBConnect */ = {
			isa = PBXGroup;
			children = (
				1244DDFC139EA19F0047A9CA /* JSON */,
				1244DDDA139EA13C0047A9CA /* Facebook.h */,
				1244DDDB139EA13C0047A9CA /* Facebook.m */,
				1244DDDC139EA13C0047A9CA /* FBConnect.h */,
				1244DDDD139EA13C0047A9CA /* FBDialog.bundle */,
				1244DDDE139EA13C0047A9CA /* FBDialog.h */,
				1244DDDF139EA13C0047A9CA /* FBDialog.m */,
				1244DDE0139EA13C0047A9CA /* FBLoginDialog.h */,
				1244DDE1139EA13C0047A9CA /* FBLoginDialog.m */,
				1244DDE2139EA13C0047A9CA /* FBRequest.h */,
				1244DDE3139EA13C0047A9CA /* FBRequest.m */,
			);
			name = FBConnect;
			sourceTree = "<group>";
		};
		E1AEBAA81311FF0A00E1790D /* FBLogin */ = {
			isa = PBXGroup;
			children = (
				1244DDD7139EA1210047A9CA /* FBLoginButton.h */,
				1244DDD8139EA1210047A9CA /* FBLoginButton.m */,
				1244DDD5139EA1150047A9CA /* FBConnect.bundle */,
			);
			name = FBLogin;
			sourceTree = "<group>";
		};
/* End PBXGroup section */

/* Begin PBXNativeTarget section */
		1D6058900D05DD3D006BFB54 /* ApiFacebook */ = {
			isa = PBXNativeTarget;
			buildConfigurationList = 1D6058960D05DD3E006BFB54 /* Build configuration list for PBXNativeTarget "ApiFacebook" */;
			buildPhases = (
				1D60588D0D05DD3D006BFB54 /* Resources */,
				1D60588E0D05DD3D006BFB54 /* Sources */,
				1D60588F0D05DD3D006BFB54 /* Frameworks */,
			);
			buildRules = (
			);
			dependencies = (
			);
			name = ApiFacebook;
			productName = ApiFacebook;
			productReference = 1D6058910D05DD3D006BFB54 /* ApiFacebook.app */;
			productType = "com.apple.product-type.application";
		};
/* End PBXNativeTarget section */

/* Begin PBXProject section */
		29B97313FDCFA39411CA2CEA /* Project object */ = {
			isa = PBXProject;
			buildConfigurationList = C01FCF4E08A954540054247B /* Build configuration list for PBXProject "ApiFacebook" */;
			compatibilityVersion = "Xcode 3.1";
			developmentRegion = English;
			hasScannedForEncodings = 1;
			knownRegions = (
				English,
				Japanese,
				French,
				German,
			);
			mainGroup = 29B97314FDCFA39411CA2CEA /* CustomTemplate */;
			projectDirPath = "";
			projectRoot = "";
			targets = (
				1D6058900D05DD3D006BFB54 /* ApiFacebook */,
			);
		};
/* End PBXProject section */

/* Begin PBXResourcesBuildPhase section */
		1D60588D0D05DD3D006BFB54 /* Resources */ = {
			isa = PBXResourcesBuildPhase;
			buildActionMask = 2147483647;
			files = (
				1244DDD6139EA1150047A9CA /* FBConnect.bundle in Resources */,
				1244DDE5139EA13C0047A9CA /* FBDialog.bundle in Resources */,
			);
			runOnlyForDeploymentPostprocessing = 0;
		};
/* End PBXResourcesBuildPhase section */

/* Begin PBXSourcesBuildPhase section */
		1D60588E0D05DD3D006BFB54 /* Sources */ = {
			isa = PBXSourcesBuildPhase;
			buildActionMask = 2147483647;
			files = (
				1D60589B0D05DD56006BFB54 /* main.m in Sources */,
				E1AEBA161311FE2600E1790D /* AppDelegate.m in Sources */,
				E1AEBA171311FE2600E1790D /* FacebookViewController.m in Sources */,
				E1AEBA181311FE2600E1790D /* FriendsViewController.m in Sources */,
				E1AEBA191311FE2600E1790D /* FriendTableViewCell.m in Sources */,
				E1AEBA1A1311FE2600E1790D /* LoginViewController.m in Sources */,
				E1AEBA1D1311FE2600E1790D /* MainViewController.m in Sources */,
				E1758699131B4DBD0099968E /* DialogViewController.m in Sources */,
				1244DDD9139EA1210047A9CA /* FBLoginButton.m in Sources */,
				1244DDE4139EA13C0047A9CA /* Facebook.m in Sources */,
				1244DDE6139EA13C0047A9CA /* FBDialog.m in Sources */,
				1244DDE7139EA13C0047A9CA /* FBLoginDialog.m in Sources */,
				1244DDE8139EA13C0047A9CA /* FBRequest.m in Sources */,
				1244DE0A139EA19F0047A9CA /* NSObject+SBJSON.m in Sources */,
				1244DE0B139EA19F0047A9CA /* NSString+SBJSON.m in Sources */,
				1244DE0C139EA19F0047A9CA /* SBJSON.m in Sources */,
				1244DE0D139EA19F0047A9CA /* SBJsonBase.m in Sources */,
				1244DE0E139EA19F0047A9CA /* SBJsonParser.m in Sources */,
				1244DE0F139EA19F0047A9CA /* SBJsonWriter.m in Sources */,
			);
			runOnlyForDeploymentPostprocessing = 0;
		};
/* End PBXSourcesBuildPhase section */

/* Begin XCBuildConfiguration section */
		1D6058940D05DD3E006BFB54 /* Debug */ = {
			isa = XCBuildConfiguration;
			buildSettings = {
				ALWAYS_SEARCH_USER_PATHS = NO;
				CODE_SIGN_IDENTITY = "iPhone Developer";
				COPY_PHASE_STRIP = NO;
				GCC_DYNAMIC_NO_PIC = NO;
				GCC_OPTIMIZATION_LEVEL = 0;
				GCC_PRECOMPILE_PREFIX_HEADER = YES;
				GCC_PREFIX_HEADER = ApiFacebook_Prefix.pch;
				INFOPLIST_FILE = "ApiFacebook-Info.plist";
				IPHONEOS_DEPLOYMENT_TARGET = 3.0;
				PRODUCT_NAME = ApiFacebook;
				PROVISIONING_PROFILE = "";
				TARGETED_DEVICE_FAMILY = "1,2";
			};
			name = Debug;
		};
		1D6058950D05DD3E006BFB54 /* Release */ = {
			isa = XCBuildConfiguration;
			buildSettings = {
				ALWAYS_SEARCH_USER_PATHS = NO;
				CODE_SIGN_IDENTITY = "iPhone Developer";
				COPY_PHASE_STRIP = YES;
				GCC_PRECOMPILE_PREFIX_HEADER = YES;
				GCC_PREFIX_HEADER = ApiFacebook_Prefix.pch;
				INFOPLIST_FILE = "ApiFacebook-Info.plist";
				IPHONEOS_DEPLOYMENT_TARGET = 3.0;
				PRODUCT_NAME = ApiFacebook;
				PROVISIONING_PROFILE = "";
				TARGETED_DEVICE_FAMILY = "1,2";
				VALIDATE_PRODUCT = YES;
			};
			name = Release;
		};
		C01FCF4F08A954540054247B /* Debug */ = {
			isa = XCBuildConfiguration;
			buildSettings = {
				ARCHS = "$(ARCHS_STANDARD_32_BIT)";
				"CODE_SIGN_IDENTITY[sdk=iphoneos*]" = "iPhone Developer";
				GCC_C_LANGUAGE_STANDARD = c99;
				GCC_WARN_ABOUT_RETURN_TYPE = YES;
				GCC_WARN_UNUSED_VARIABLE = YES;
				PREBINDING = NO;
				SDKROOT = iphoneos;
			};
			name = Debug;
		};
		C01FCF5008A954540054247B /* Release */ = {
			isa = XCBuildConfiguration;
			buildSettings = {
				ARCHS = "$(ARCHS_STANDARD_32_BIT)";
				"CODE_SIGN_IDENTITY[sdk=iphoneos*]" = "iPhone Developer";
				GCC_C_LANGUAGE_STANDARD = c99;
				GCC_WARN_ABOUT_RETURN_TYPE = YES;
				GCC_WARN_UNUSED_VARIABLE = YES;
				OTHER_CFLAGS = "-DNS_BLOCK_ASSERTIONS=1";
				PREBINDING = NO;
				SDKROOT = iphoneos;
			};
			name = Release;
		};
/* End XCBuildConfiguration section */

/* Begin XCConfigurationList section */
		1D6058960D05DD3E006BFB54 /* Build configuration list for PBXNativeTarget "ApiFacebook" */ = {
			isa = XCConfigurationList;
			buildConfigurations = (
				1D6058940D05DD3E006BFB54 /* Debug */,
				1D6058950D05DD3E006BFB54 /* Release */,
			);
			defaultConfigurationIsVisible = 0;
			defaultConfigurationName = Release;
		};
		C01FCF4E08A954540054247B /* Build configuration list for PBXProject "ApiFacebook" */ = {
			isa = XCConfigurationList;
			buildConfigurations = (
				C01FCF4F08A954540054247B /* Debug */,
				C01FCF5008A954540054247B /* Release */,
			);
			defaultConfigurationIsVisible = 0;
			defaultConfigurationName = Release;
		};
/* End XCConfigurationList section */
	};
	rootObject = 29B97313FDCFA39411CA2CEA /* Project object */;
}
